// !$*UTF8*$!
{
	archiveVersion = 1;
	classes = {
	};
	objectVersion = 46;
	objects = {

/* Begin PBXBuildFile section */
		445A59A90E2588857B906C0E /* libPods-Lichtenstein.a in Frameworks */ = {isa = PBXBuildFile; fileRef = 50CDB59C506326D17B412ABE /* libPods-Lichtenstein.a */; };
		6A72D3EE1F6F5A25000409B0 /* main.m in Sources */ = {isa = PBXBuildFile; fileRef = 6A72D3ED1F6F5A25000409B0 /* main.m */; };
		6A72D3F11F6F5A25000409B0 /* TSAppDelegate.m in Sources */ = {isa = PBXBuildFile; fileRef = 6A72D3F01F6F5A25000409B0 /* TSAppDelegate.m */; };
		6A72D3F41F6F5A25000409B0 /* TSMainViewController.m in Sources */ = {isa = PBXBuildFile; fileRef = 6A72D3F31F6F5A25000409B0 /* TSMainViewController.m */; };
		6A72D3F71F6F5A25000409B0 /* Main.storyboard in Resources */ = {isa = PBXBuildFile; fileRef = 6A72D3F51F6F5A25000409B0 /* Main.storyboard */; };
		6A72D3F91F6F5A25000409B0 /* Assets.xcassets in Resources */ = {isa = PBXBuildFile; fileRef = 6A72D3F81F6F5A25000409B0 /* Assets.xcassets */; };
		6A72D3FC1F6F5A25000409B0 /* LaunchScreen.storyboard in Resources */ = {isa = PBXBuildFile; fileRef = 6A72D3FA1F6F5A25000409B0 /* LaunchScreen.storyboard */; };
		6A7F43A11F789E1800C627DA /* TSHueWheel.m in Sources */ = {isa = PBXBuildFile; fileRef = 6A7F43A01F789E1800C627DA /* TSHueWheel.m */; };
		6A9F67801F762854006083B6 /* TSLightControlTabBarController.m in Sources */ = {isa = PBXBuildFile; fileRef = 6A9F677F1F762854006083B6 /* TSLightControlTabBarController.m */; };
		6AA65AB41F70932E0028BA4E /* TSLichtensteinConnection.m in Sources */ = {isa = PBXBuildFile; fileRef = 6AA65AB31F70932E0028BA4E /* TSLichtensteinConnection.m */; };
		6AA65AB81F709B740028BA4E /* NSNetService+TSNetworkAdditions.m in Sources */ = {isa = PBXBuildFile; fileRef = 6AA65AB71F709B740028BA4E /* NSNetService+TSNetworkAdditions.m */; };
		6AA65ABC1F733E0C0028BA4E /* TSEffectViewController.m in Sources */ = {isa = PBXBuildFile; fileRef = 6AA65ABB1F733E0C0028BA4E /* TSEffectViewController.m */; };
		6AA65ABE1F733E8E0028BA4E /* TSEffectNames.plist in Resources */ = {isa = PBXBuildFile; fileRef = 6AA65ABD1F733E8E0028BA4E /* TSEffectNames.plist */; };
		6AA65AC51F7346240028BA4E /* TSColorViewController.m in Sources */ = {isa = PBXBuildFile; fileRef = 6AA65AC41F7346240028BA4E /* TSColorViewController.m */; };
/* End PBXBuildFile section */

/* Begin PBXFileReference section */
		2FA94E68C5E15CFEF012F9AE /* Pods-Lichtenstein.debug.xcconfig */ = {isa = PBXFileReference; includeInIndex = 1; lastKnownFileType = text.xcconfig; name = "Pods-Lichtenstein.debug.xcconfig"; path = "Pods/Target Support Files/Pods-Lichtenstein/Pods-Lichtenstein.debug.xcconfig"; sourceTree = "<group>"; };
		50CDB59C506326D17B412ABE /* libPods-Lichtenstein.a */ = {isa = PBXFileReference; explicitFileType = archive.ar; includeInIndex = 0; path = "libPods-Lichtenstein.a"; sourceTree = BUILT_PRODUCTS_DIR; };
		6A72D3E91F6F5A25000409B0 /* Lichtenstein.app */ = {isa = PBXFileReference; explicitFileType = wrapper.application; includeInIndex = 0; path = Lichtenstein.app; sourceTree = BUILT_PRODUCTS_DIR; };
		6A72D3ED1F6F5A25000409B0 /* main.m */ = {isa = PBXFileReference; lastKnownFileType = sourcecode.c.objc; path = main.m; sourceTree = "<group>"; };
		6A72D3EF1F6F5A25000409B0 /* TSAppDelegate.h */ = {isa = PBXFileReference; lastKnownFileType = sourcecode.c.h; path = TSAppDelegate.h; sourceTree = "<group>"; };
		6A72D3F01F6F5A25000409B0 /* TSAppDelegate.m */ = {isa = PBXFileReference; lastKnownFileType = sourcecode.c.objc; path = TSAppDelegate.m; sourceTree = "<group>"; };
		6A72D3F21F6F5A25000409B0 /* TSMainViewController.h */ = {isa = PBXFileReference; lastKnownFileType = sourcecode.c.h; path = TSMainViewController.h; sourceTree = "<group>"; };
		6A72D3F31F6F5A25000409B0 /* TSMainViewController.m */ = {isa = PBXFileReference; lastKnownFileType = sourcecode.c.objc; path = TSMainViewController.m; sourceTree = "<group>"; };
		6A72D3F61F6F5A25000409B0 /* Base */ = {isa = PBXFileReference; lastKnownFileType = file.storyboard; name = Base; path = Base.lproj/Main.storyboard; sourceTree = "<group>"; };
		6A72D3F81F6F5A25000409B0 /* Assets.xcassets */ = {isa = PBXFileReference; lastKnownFileType = folder.assetcatalog; path = Assets.xcassets; sourceTree = "<group>"; };
		6A72D3FB1F6F5A25000409B0 /* Base */ = {isa = PBXFileReference; lastKnownFileType = file.storyboard; name = Base; path = Base.lproj/LaunchScreen.storyboard; sourceTree = "<group>"; };
		6A72D3FD1F6F5A25000409B0 /* Info.plist */ = {isa = PBXFileReference; lastKnownFileType = text.plist.xml; path = Info.plist; sourceTree = "<group>"; };
		6A7F439F1F789E1800C627DA /* TSHueWheel.h */ = {isa = PBXFileReference; lastKnownFileType = sourcecode.c.h; name = TSHueWheel.h; path = "Color Picker/TSHueWheel.h"; sourceTree = "<group>"; };
		6A7F43A01F789E1800C627DA /* TSHueWheel.m */ = {isa = PBXFileReference; lastKnownFileType = sourcecode.c.objc; name = TSHueWheel.m; path = "Color Picker/TSHueWheel.m"; sourceTree = "<group>"; };
		6A9F677E1F762854006083B6 /* TSLightControlTabBarController.h */ = {isa = PBXFileReference; lastKnownFileType = sourcecode.c.h; path = TSLightControlTabBarController.h; sourceTree = "<group>"; };
		6A9F677F1F762854006083B6 /* TSLightControlTabBarController.m */ = {isa = PBXFileReference; lastKnownFileType = sourcecode.c.objc; path = TSLightControlTabBarController.m; sourceTree = "<group>"; };
		6AA65AAF1F6F8B970028BA4E /* Lichtenstein.pch */ = {isa = PBXFileReference; lastKnownFileType = sourcecode.c.h; path = Lichtenstein.pch; sourceTree = "<group>"; };
		6AA65AB21F70932E0028BA4E /* TSLichtensteinConnection.h */ = {isa = PBXFileReference; lastKnownFileType = sourcecode.c.h; path = TSLichtensteinConnection.h; sourceTree = "<group>"; };
		6AA65AB31F70932E0028BA4E /* TSLichtensteinConnection.m */ = {isa = PBXFileReference; lastKnownFileType = sourcecode.c.objc; path = TSLichtensteinConnection.m; sourceTree = "<group>"; };
		6AA65AB51F7098D90028BA4E /* TSLichtensteinCmdStructs.h */ = {isa = PBXFileReference; lastKnownFileType = sourcecode.c.h; path = TSLichtensteinCmdStructs.h; sourceTree = "<group>"; };
		6AA65AB61F709B740028BA4E /* NSNetService+TSNetworkAdditions.h */ = {isa = PBXFileReference; lastKnownFileType = sourcecode.c.h; path = "NSNetService+TSNetworkAdditions.h"; sourceTree = "<group>"; };
		6AA65AB71F709B740028BA4E /* NSNetService+TSNetworkAdditions.m */ = {isa = PBXFileReference; lastKnownFileType = sourcecode.c.objc; path = "NSNetService+TSNetworkAdditions.m"; sourceTree = "<group>"; };
		6AA65ABA1F733E0C0028BA4E /* TSEffectViewController.h */ = {isa = PBXFileReference; lastKnownFileType = sourcecode.c.h; path = TSEffectViewController.h; sourceTree = "<group>"; };
		6AA65ABB1F733E0C0028BA4E /* TSEffectViewController.m */ = {isa = PBXFileReference; lastKnownFileType = sourcecode.c.objc; path = TSEffectViewController.m; sourceTree = "<group>"; };
		6AA65ABD1F733E8E0028BA4E /* TSEffectNames.plist */ = {isa = PBXFileReference; lastKnownFileType = text.plist.xml; path = TSEffectNames.plist; sourceTree = "<group>"; };
		6AA65AC01F7345E00028BA4E /* Lichtenstein-Bridging-Header.h */ = {isa = PBXFileReference; lastKnownFileType = sourcecode.c.h; path = "Lichtenstein-Bridging-Header.h"; sourceTree = "<group>"; };
		6AA65AC31F7346240028BA4E /* TSColorViewController.h */ = {isa = PBXFileReference; lastKnownFileType = sourcecode.c.h; path = TSColorViewController.h; sourceTree = "<group>"; };
		6AA65AC41F7346240028BA4E /* TSColorViewController.m */ = {isa = PBXFileReference; lastKnownFileType = sourcecode.c.objc; path = TSColorViewController.m; sourceTree = "<group>"; };
		7E1AE7F192E7A26BAAF3B31B /* Pods-Lichtenstein.release.xcconfig */ = {isa = PBXFileReference; includeInIndex = 1; lastKnownFileType = text.xcconfig; name = "Pods-Lichtenstein.release.xcconfig"; path = "Pods/Target Support Files/Pods-Lichtenstein/Pods-Lichtenstein.release.xcconfig"; sourceTree = "<group>"; };
/* End PBXFileReference section */

/* Begin PBXFrameworksBuildPhase section */
		6A72D3E61F6F5A25000409B0 /* Frameworks */ = {
			isa = PBXFrameworksBuildPhase;
			buildActionMask = 2147483647;
			files = (
				445A59A90E2588857B906C0E /* libPods-Lichtenstein.a in Frameworks */,
			);
			runOnlyForDeploymentPostprocessing = 0;
		};
/* End PBXFrameworksBuildPhase section */

/* Begin PBXGroup section */
		260072E77381AB5E4149E40E /* Frameworks */ = {
			isa = PBXGroup;
			children = (
				50CDB59C506326D17B412ABE /* libPods-Lichtenstein.a */,
			);
			name = Frameworks;
			sourceTree = "<group>";
		};
		6A72D3E01F6F5A25000409B0 = {
			isa = PBXGroup;
			children = (
				6A72D3EB1F6F5A25000409B0 /* Lichtenstein */,
				6A72D3EA1F6F5A25000409B0 /* Products */,
				F2BD5871743A228EB1BD2B44 /* Pods */,
				260072E77381AB5E4149E40E /* Frameworks */,
			);
			sourceTree = "<group>";
		};
		6A72D3EA1F6F5A25000409B0 /* Products */ = {
			isa = PBXGroup;
			children = (
				6A72D3E91F6F5A25000409B0 /* Lichtenstein.app */,
			);
			name = Products;
			sourceTree = "<group>";
		};
		6A72D3EB1F6F5A25000409B0 /* Lichtenstein */ = {
			isa = PBXGroup;
			children = (
				6AA65ABF1F7345D40028BA4E /* UI Controls */,
				6AA65AB11F7092C00028BA4E /* Discovery and Communication */,
				6AA65AB01F7092870028BA4E /* UI */,
				6A72D3F51F6F5A25000409B0 /* Main.storyboard */,
				6A72D3F81F6F5A25000409B0 /* Assets.xcassets */,
				6A72D3FA1F6F5A25000409B0 /* LaunchScreen.storyboard */,
				6A72D3FD1F6F5A25000409B0 /* Info.plist */,
				6A72D3EC1F6F5A25000409B0 /* Supporting Files */,
				6AA65AAF1F6F8B970028BA4E /* Lichtenstein.pch */,
			);
			path = Lichtenstein;
			sourceTree = "<group>";
		};
		6A72D3EC1F6F5A25000409B0 /* Supporting Files */ = {
			isa = PBXGroup;
			children = (
				6A72D3ED1F6F5A25000409B0 /* main.m */,
			);
			name = "Supporting Files";
			sourceTree = "<group>";
		};
		6A7F439E1F789CDC00C627DA /* Color Picker */ = {
			isa = PBXGroup;
			children = (
				6A7F439F1F789E1800C627DA /* TSHueWheel.h */,
				6A7F43A01F789E1800C627DA /* TSHueWheel.m */,
			);
			name = "Color Picker";
			sourceTree = "<group>";
		};
		6AA65AB01F7092870028BA4E /* UI */ = {
			isa = PBXGroup;
			children = (
				6AA65AC21F7346140028BA4E /* Color Controller */,
				6AA65AB91F733DF40028BA4E /* Effect Controller */,
				6A72D3EF1F6F5A25000409B0 /* TSAppDelegate.h */,
				6A72D3F01F6F5A25000409B0 /* TSAppDelegate.m */,
				6A72D3F21F6F5A25000409B0 /* TSMainViewController.h */,
				6A72D3F31F6F5A25000409B0 /* TSMainViewController.m */,
				6A9F677E1F762854006083B6 /* TSLightControlTabBarController.h */,
				6A9F677F1F762854006083B6 /* TSLightControlTabBarController.m */,
			);
			name = UI;
			sourceTree = "<group>";
		};
		6AA65AB11F7092C00028BA4E /* Discovery and Communication */ = {
			isa = PBXGroup;
			children = (
				6AA65AB21F70932E0028BA4E /* TSLichtensteinConnection.h */,
				6AA65AB31F70932E0028BA4E /* TSLichtensteinConnection.m */,
				6AA65AB51F7098D90028BA4E /* TSLichtensteinCmdStructs.h */,
				6AA65AB61F709B740028BA4E /* NSNetService+TSNetworkAdditions.h */,
				6AA65AB71F709B740028BA4E /* NSNetService+TSNetworkAdditions.m */,
			);
			name = "Discovery and Communication";
			sourceTree = "<group>";
		};
		6AA65AB91F733DF40028BA4E /* Effect Controller */ = {
			isa = PBXGroup;
			children = (
				6AA65ABA1F733E0C0028BA4E /* TSEffectViewController.h */,
				6AA65ABB1F733E0C0028BA4E /* TSEffectViewController.m */,
				6AA65ABD1F733E8E0028BA4E /* TSEffectNames.plist */,
			);
			name = "Effect Controller";
			sourceTree = "<group>";
		};
		6AA65ABF1F7345D40028BA4E /* UI Controls */ = {
			isa = PBXGroup;
			children = (
				6A7F439E1F789CDC00C627DA /* Color Picker */,
				6AA65AC01F7345E00028BA4E /* Lichtenstein-Bridging-Header.h */,
			);
			name = "UI Controls";
			sourceTree = "<group>";
		};
		6AA65AC21F7346140028BA4E /* Color Controller */ = {
			isa = PBXGroup;
			children = (
				6AA65AC31F7346240028BA4E /* TSColorViewController.h */,
				6AA65AC41F7346240028BA4E /* TSColorViewController.m */,
			);
			name = "Color Controller";
			sourceTree = "<group>";
		};
		F2BD5871743A228EB1BD2B44 /* Pods */ = {
			isa = PBXGroup;
			children = (
				2FA94E68C5E15CFEF012F9AE /* Pods-Lichtenstein.debug.xcconfig */,
				7E1AE7F192E7A26BAAF3B31B /* Pods-Lichtenstein.release.xcconfig */,
			);
			name = Pods;
			sourceTree = "<group>";
		};
/* End PBXGroup section */

/* Begin PBXNativeTarget section */
		6A72D3E81F6F5A25000409B0 /* Lichtenstein */ = {
			isa = PBXNativeTarget;
			buildConfigurationList = 6A72D4001F6F5A25000409B0 /* Build configuration list for PBXNativeTarget "Lichtenstein" */;
			buildPhases = (
				BA28DFCAA62943A2F1CA112A /* [CP] Check Pods Manifest.lock */,
				6A72D3E51F6F5A25000409B0 /* Sources */,
				6A72D3E61F6F5A25000409B0 /* Frameworks */,
				6A72D3E71F6F5A25000409B0 /* Resources */,
				89B65C48D10B0EE778CB06B2 /* [CP] Embed Pods Frameworks */,
				B0A2F7B4D8993582589F2927 /* [CP] Copy Pods Resources */,
			);
			buildRules = (
			);
			dependencies = (
			);
			name = Lichtenstein;
			productName = Lichtenstein;
			productReference = 6A72D3E91F6F5A25000409B0 /* Lichtenstein.app */;
			productType = "com.apple.product-type.application";
		};
/* End PBXNativeTarget section */

/* Begin PBXProject section */
		6A72D3E11F6F5A25000409B0 /* Project object */ = {
			isa = PBXProject;
			attributes = {
				LastUpgradeCheck = 0830;
				ORGANIZATIONNAME = "Tristan Seifert";
				TargetAttributes = {
					6A72D3E81F6F5A25000409B0 = {
						CreatedOnToolsVersion = 8.3.3;
						DevelopmentTeam = 8QDQ246B94;
						LastSwiftMigration = "";
						ProvisioningStyle = Automatic;
					};
				};
			};
			buildConfigurationList = 6A72D3E41F6F5A25000409B0 /* Build configuration list for PBXProject "Lichtenstein" */;
			compatibilityVersion = "Xcode 3.2";
			developmentRegion = English;
			hasScannedForEncodings = 0;
			knownRegions = (
				en,
				Base,
			);
			mainGroup = 6A72D3E01F6F5A25000409B0;
			productRefGroup = 6A72D3EA1F6F5A25000409B0 /* Products */;
			projectDirPath = "";
			projectRoot = "";
			targets = (
				6A72D3E81F6F5A25000409B0 /* Lichtenstein */,
			);
		};
/* End PBXProject section */

/* Begin PBXResourcesBuildPhase section */
		6A72D3E71F6F5A25000409B0 /* Resources */ = {
			isa = PBXResourcesBuildPhase;
			buildActionMask = 2147483647;
			files = (
				6A72D3FC1F6F5A25000409B0 /* LaunchScreen.storyboard in Resources */,
				6AA65ABE1F733E8E0028BA4E /* TSEffectNames.plist in Resources */,
				6A72D3F91F6F5A25000409B0 /* Assets.xcassets in Resources */,
				6A72D3F71F6F5A25000409B0 /* Main.storyboard in Resources */,
			);
			runOnlyForDeploymentPostprocessing = 0;
		};
/* End PBXResourcesBuildPhase section */

/* Begin PBXShellScriptBuildPhase section */
		89B65C48D10B0EE778CB06B2 /* [CP] Embed Pods Frameworks */ = {
			isa = PBXShellScriptBuildPhase;
			buildActionMask = 2147483647;
			files = (
			);
			inputPaths = (
			);
			name = "[CP] Embed Pods Frameworks";
			outputPaths = (
			);
			runOnlyForDeploymentPostprocessing = 0;
			shellPath = /bin/sh;
			shellScript = "\"${SRCROOT}/Pods/Target Support Files/Pods-Lichtenstein/Pods-Lichtenstein-frameworks.sh\"\n";
			showEnvVarsInLog = 0;
		};
		B0A2F7B4D8993582589F2927 /* [CP] Copy Pods Resources */ = {
			isa = PBXShellScriptBuildPhase;
			buildActionMask = 2147483647;
			files = (
			);
			inputPaths = (
				"${SRCROOT}/Pods/Target Support Files/Pods-Lichtenstein/Pods-Lichtenstein-resources.sh",
				"${PODS_ROOT}/SVProgressHUD/SVProgressHUD/SVProgressHUD.bundle",
			);
			name = "[CP] Copy Pods Resources";
			outputPaths = (
				"${TARGET_BUILD_DIR}/${UNLOCALIZED_RESOURCES_FOLDER_PATH}",
			);
			runOnlyForDeploymentPostprocessing = 0;
			shellPath = /bin/sh;
			shellScript = "\"${SRCROOT}/Pods/Target Support Files/Pods-Lichtenstein/Pods-Lichtenstein-resources.sh\"\n";
			showEnvVarsInLog = 0;
		};
		BA28DFCAA62943A2F1CA112A /* [CP] Check Pods Manifest.lock */ = {
			isa = PBXShellScriptBuildPhase;
			buildActionMask = 2147483647;
			files = (
			);
			inputPaths = (
				"${PODS_PODFILE_DIR_PATH}/Podfile.lock",
				"${PODS_ROOT}/Manifest.lock",
			);
			name = "[CP] Check Pods Manifest.lock";
			outputPaths = (
				"$(DERIVED_FILE_DIR)/Pods-Lichtenstein-checkManifestLockResult.txt",
			);
			runOnlyForDeploymentPostprocessing = 0;
			shellPath = /bin/sh;
			shellScript = "diff \"${PODS_PODFILE_DIR_PATH}/Podfile.lock\" \"${PODS_ROOT}/Manifest.lock\" > /dev/null\nif [ $? != 0 ] ; then\n    # print error to STDERR\n    echo \"error: The sandbox is not in sync with the Podfile.lock. Run 'pod install' or update your CocoaPods installation.\" >&2\n    exit 1\nfi\n# This output is used by Xcode 'outputs' to avoid re-running this script phase.\necho \"SUCCESS\" > \"${SCRIPT_OUTPUT_FILE_0}\"\n";
			showEnvVarsInLog = 0;
		};
/* End PBXShellScriptBuildPhase section */

/* Begin PBXSourcesBuildPhase section */
		6A72D3E51F6F5A25000409B0 /* Sources */ = {
			isa = PBXSourcesBuildPhase;
			buildActionMask = 2147483647;
			files = (
				6A7F43A11F789E1800C627DA /* TSHueWheel.m in Sources */,
				6A72D3F41F6F5A25000409B0 /* TSMainViewController.m in Sources */,
				6AA65AB81F709B740028BA4E /* NSNetService+TSNetworkAdditions.m in Sources */,
				6AA65AC51F7346240028BA4E /* TSColorViewController.m in Sources */,
				6A72D3F11F6F5A25000409B0 /* TSAppDelegate.m in Sources */,
				6AA65AB41F70932E0028BA4E /* TSLichtensteinConnection.m in Sources */,
				6AA65ABC1F733E0C0028BA4E /* TSEffectViewController.m in Sources */,
				6A9F67801F762854006083B6 /* TSLightControlTabBarController.m in Sources */,
				6A72D3EE1F6F5A25000409B0 /* main.m in Sources */,
			);
			runOnlyForDeploymentPostprocessing = 0;
		};
/* End PBXSourcesBuildPhase section */

/* Begin PBXVariantGroup section */
		6A72D3F51F6F5A25000409B0 /* Main.storyboard */ = {
			isa = PBXVariantGroup;
			children = (
				6A72D3F61F6F5A25000409B0 /* Base */,
			);
			name = Main.storyboard;
			sourceTree = "<group>";
		};
		6A72D3FA1F6F5A25000409B0 /* LaunchScreen.storyboard */ = {
			isa = PBXVariantGroup;
			children = (
				6A72D3FB1F6F5A25000409B0 /* Base */,
			);
			name = LaunchScreen.storyboard;
			sourceTree = "<group>";
		};
/* End PBXVariantGroup section */

/* Begin XCBuildConfiguration section */
		6A72D3FE1F6F5A25000409B0 /* Debug */ = {
			isa = XCBuildConfiguration;
			buildSettings = {
				ALWAYS_SEARCH_USER_PATHS = NO;
				CLANG_ANALYZER_NONNULL = YES;
				CLANG_ANALYZER_NUMBER_OBJECT_CONVERSION = YES_AGGRESSIVE;
				CLANG_CXX_LANGUAGE_STANDARD = "gnu++0x";
				CLANG_CXX_LIBRARY = "libc++";
				CLANG_ENABLE_MODULES = YES;
				CLANG_ENABLE_OBJC_ARC = YES;
				CLANG_WARN_BOOL_CONVERSION = YES;
				CLANG_WARN_CONSTANT_CONVERSION = YES;
				CLANG_WARN_DIRECT_OBJC_ISA_USAGE = YES_ERROR;
				CLANG_WARN_DOCUMENTATION_COMMENTS = YES;
				CLANG_WARN_EMPTY_BODY = YES;
				CLANG_WARN_ENUM_CONVERSION = YES;
				CLANG_WARN_INFINITE_RECURSION = YES;
				CLANG_WARN_INT_CONVERSION = YES;
				CLANG_WARN_OBJC_ROOT_CLASS = YES_ERROR;
				CLANG_WARN_SUSPICIOUS_MOVE = YES;
				CLANG_WARN_UNREACHABLE_CODE = YES;
				CLANG_WARN__DUPLICATE_METHOD_MATCH = YES;
				"CODE_SIGN_IDENTITY[sdk=iphoneos*]" = "iPhone Developer";
				COPY_PHASE_STRIP = NO;
				DEBUG_INFORMATION_FORMAT = dwarf;
				ENABLE_STRICT_OBJC_MSGSEND = YES;
				ENABLE_TESTABILITY = YES;
				GCC_C_LANGUAGE_STANDARD = gnu99;
				GCC_DYNAMIC_NO_PIC = NO;
				GCC_NO_COMMON_BLOCKS = YES;
				GCC_OPTIMIZATION_LEVEL = 0;
				GCC_PREPROCESSOR_DEFINITIONS = (
					"DEBUG=1",
					"$(inherited)",
				);
				GCC_WARN_64_TO_32_BIT_CONVERSION = YES;
				GCC_WARN_ABOUT_RETURN_TYPE = YES_ERROR;
				GCC_WARN_UNDECLARED_SELECTOR = YES;
				GCC_WARN_UNINITIALIZED_AUTOS = YES_AGGRESSIVE;
				GCC_WARN_UNUSED_FUNCTION = YES;
				GCC_WARN_UNUSED_VARIABLE = YES;
				IPHONEOS_DEPLOYMENT_TARGET = 10.3;
				MTL_ENABLE_DEBUG_INFO = YES;
				ONLY_ACTIVE_ARCH = YES;
				SDKROOT = iphoneos;
				TARGETED_DEVICE_FAMILY = "1,2";
			};
			name = Debug;
		};
		6A72D3FF1F6F5A25000409B0 /* Release */ = {
			isa = XCBuildConfiguration;
			buildSettings = {
				ALWAYS_SEARCH_USER_PATHS = NO;
				CLANG_ANALYZER_NONNULL = YES;
				CLANG_ANALYZER_NUMBER_OBJECT_CONVERSION = YES_AGGRESSIVE;
				CLANG_CXX_LANGUAGE_STANDARD = "gnu++0x";
				CLANG_CXX_LIBRARY = "libc++";
				CLANG_ENABLE_MODULES = YES;
				CLANG_ENABLE_OBJC_ARC = YES;
				CLANG_WARN_BOOL_CONVERSION = YES;
				CLANG_WARN_CONSTANT_CONVERSION = YES;
				CLANG_WARN_DIRECT_OBJC_ISA_USAGE = YES_ERROR;
				CLANG_WARN_DOCUMENTATION_COMMENTS = YES;
				CLANG_WARN_EMPTY_BODY = YES;
				CLANG_WARN_ENUM_CONVERSION = YES;
				CLANG_WARN_INFINITE_RECURSION = YES;
				CLANG_WARN_INT_CONVERSION = YES;
				CLANG_WARN_OBJC_ROOT_CLASS = YES_ERROR;
				CLANG_WARN_SUSPICIOUS_MOVE = YES;
				CLANG_WARN_UNREACHABLE_CODE = YES;
				CLANG_WARN__DUPLICATE_METHOD_MATCH = YES;
				"CODE_SIGN_IDENTITY[sdk=iphoneos*]" = "iPhone Developer";
				COPY_PHASE_STRIP = NO;
				DEBUG_INFORMATION_FORMAT = "dwarf-with-dsym";
				ENABLE_NS_ASSERTIONS = NO;
				ENABLE_STRICT_OBJC_MSGSEND = YES;
				GCC_C_LANGUAGE_STANDARD = gnu99;
				GCC_NO_COMMON_BLOCKS = YES;
				GCC_WARN_64_TO_32_BIT_CONVERSION = YES;
				GCC_WARN_ABOUT_RETURN_TYPE = YES_ERROR;
				GCC_WARN_UNDECLARED_SELECTOR = YES;
				GCC_WARN_UNINITIALIZED_AUTOS = YES_AGGRESSIVE;
				GCC_WARN_UNUSED_FUNCTION = YES;
				GCC_WARN_UNUSED_VARIABLE = YES;
				IPHONEOS_DEPLOYMENT_TARGET = 10.3;
				MTL_ENABLE_DEBUG_INFO = NO;
				SDKROOT = iphoneos;
				TARGETED_DEVICE_FAMILY = "1,2";
				VALIDATE_PRODUCT = YES;
			};
			name = Release;
		};
		6A72D4011F6F5A25000409B0 /* Debug */ = {
			isa = XCBuildConfiguration;
			baseConfigurationReference = 2FA94E68C5E15CFEF012F9AE /* Pods-Lichtenstein.debug.xcconfig */;
			buildSettings = {
				ASSETCATALOG_COMPILER_APPICON_NAME = AppIcon;
				CLANG_ENABLE_MODULES = YES;
				DEFINES_MODULE = YES;
				DEVELOPMENT_TEAM = 8QDQ246B94;
				GCC_PREFIX_HEADER = Lichtenstein/Lichtenstein.pch;
				INFOPLIST_FILE = Lichtenstein/Info.plist;
				LD_RUNPATH_SEARCH_PATHS = "$(inherited) @executable_path/Frameworks";
				PRODUCT_BUNDLE_IDENTIFIER = me.tseifert.Lichtenstein;
				PRODUCT_NAME = "$(TARGET_NAME)";
				SWIFT_OBJC_BRIDGING_HEADER = "Lichtenstein/Lichtenstein-Bridging-Header.h";
				SWIFT_OPTIMIZATION_LEVEL = "-Onone";
				SWIFT_VERSION = 3.0;
				TARGETED_DEVICE_FAMILY = 2;
			};
			name = Debug;
		};
		6A72D4021F6F5A25000409B0 /* Release */ = {
			isa = XCBuildConfiguration;
			baseConfigurationReference = 7E1AE7F192E7A26BAAF3B31B /* Pods-Lichtenstein.release.xcconfig */;
			buildSettings = {
				ASSETCATALOG_COMPILER_APPICON_NAME = AppIcon;
				CLANG_ENABLE_MODULES = YES;
				DEFINES_MODULE = YES;
				DEVELOPMENT_TEAM = 8QDQ246B94;
				GCC_PREFIX_HEADER = Lichtenstein/Lichtenstein.pch;
				INFOPLIST_FILE = Lichtenstein/Info.plist;
				LD_RUNPATH_SEARCH_PATHS = "$(inherited) @executable_path/Frameworks";
				PRODUCT_BUNDLE_IDENTIFIER = me.tseifert.Lichtenstein;
				PRODUCT_NAME = "$(TARGET_NAME)";
				SWIFT_OBJC_BRIDGING_HEADER = "Lichtenstein/Lichtenstein-Bridging-Header.h";
				SWIFT_VERSION = 3.0;
				TARGETED_DEVICE_FAMILY = 2;
			};
			name = Release;
		};
/* End XCBuildConfiguration section */

/* Begin XCConfigurationList section */
		6A72D3E41F6F5A25000409B0 /* Build configuration list for PBXProject "Lichtenstein" */ = {
			isa = XCConfigurationList;
			buildConfigurations = (
				6A72D3FE1F6F5A25000409B0 /* Debug */,
				6A72D3FF1F6F5A25000409B0 /* Release */,
			);
			defaultConfigurationIsVisible = 0;
			defaultConfigurationName = Release;
		};
		6A72D4001F6F5A25000409B0 /* Build configuration list for PBXNativeTarget "Lichtenstein" */ = {
			isa = XCConfigurationList;
			buildConfigurations = (
				6A72D4011F6F5A25000409B0 /* Debug */,
				6A72D4021F6F5A25000409B0 /* Release */,
			);
			defaultConfigurationIsVisible = 0;
			defaultConfigurationName = Release;
		};
/* End XCConfigurationList section */
	};
	rootObject = 6A72D3E11F6F5A25000409B0 /* Project object */;
}
